
Microsoft Visual Studio Solution File, Format Version 12.00
# Visual Studio Version 16
VisualStudioVersion = 16.0.29306.81
MinimumVisualStudioVersion = 10.0.40219.1
Project("{FAE04EC0-301F-11D3-BF4B-00C04F79EFBC}") = "WinFormSysAdmin", "WinFormSysAdmin\WinFormSysAdmin.csproj", "{132A6159-74D5-446D-9A93-A62268344774}"
EndProject
Global
	GlobalSection(SolutionConfigurationPlatforms) = preSolution
		Debug|Any CPU = Debug|Any CPU
		Release|Any CPU = Release|Any CPU
	EndGlobalSection
	GlobalSection(ProjectConfigurationPlatforms) = postSolution
		{132A6159-74D5-446D-9A93-A62268344774}.Debug|Any CPU.ActiveCfg = Debug|Any CPU
		{132A6159-74D5-446D-9A93-A62268344774}.Debug|Any CPU.Build.0 = Debug|Any CPU
		{132A6159-74D5-446D-9A93-A62268344774}.Release|Any CPU.ActiveCfg = Release|Any CPU
		{132A6159-74D5-446D-9A93-A62268344774}.Release|Any CPU.Build.0 = Release|Any CPU
	EndGlobalSection
	GlobalSection(SolutionProperties) = preSolution
		HideSolutionNode = FALSE
	EndGlobalSection
	GlobalSection(ExtensibilityGlobals) = postSolution
		SolutionGuid = {EEAB1546-9456-48E3-BA86-01782BFE40D4}
	EndGlobalSection
EndGlobal
